
Microsoft Visual Studio Solution File, Format Version 12.00
# Visual Studio 15
VisualStudioVersion = 15.0.27703.2035
MinimumVisualStudioVersion = 10.0.40219.1
Project("{FAE04EC0-301F-11D3-BF4B-00C04F79EFBC}") = "ThursdayCode", "ThursdayCode\ThursdayCode.csproj", "{8BE3F49D-3D36-42F4-B0FB-CFEC5C819D4D}"
EndProject
Project("{FAE04EC0-301F-11D3-BF4B-00C04F79EFBC}") = "FridayCode", "FridayCode\FridayCode.csproj", "{2D636403-5822-463B-A6BE-92558E0624E4}"
EndProject
Global
	GlobalSection(SolutionConfigurationPlatforms) = preSolution
		Debug|Any CPU = Debug|Any CPU
		Release|Any CPU = Release|Any CPU
	EndGlobalSection
	GlobalSection(ProjectConfigurationPlatforms) = postSolution
		{8BE3F49D-3D36-42F4-B0FB-CFEC5C819D4D}.Debug|Any CPU.ActiveCfg = Debug|Any CPU
		{8BE3F49D-3D36-42F4-B0FB-CFEC5C819D4D}.Debug|Any CPU.Build.0 = Debug|Any CPU
		{8BE3F49D-3D36-42F4-B0FB-CFEC5C819D4D}.Release|Any CPU.ActiveCfg = Release|Any CPU
		{8BE3F49D-3D36-42F4-B0FB-CFEC5C819D4D}.Release|Any CPU.Build.0 = Release|Any CPU
		{2D636403-5822-463B-A6BE-92558E0624E4}.Debug|Any CPU.ActiveCfg = Debug|Any CPU
		{2D636403-5822-463B-A6BE-92558E0624E4}.Debug|Any CPU.Build.0 = Debug|Any CPU
		{2D636403-5822-463B-A6BE-92558E0624E4}.Release|Any CPU.ActiveCfg = Release|Any CPU
		{2D636403-5822-463B-A6BE-92558E0624E4}.Release|Any CPU.Build.0 = Release|Any CPU
	EndGlobalSection
	GlobalSection(SolutionProperties) = preSolution
		HideSolutionNode = FALSE
	EndGlobalSection
	GlobalSection(ExtensibilityGlobals) = postSolution
		SolutionGuid = {1EADB181-3C83-47A9-A50E-32C3F655B1B1}
	EndGlobalSection
EndGlobal
