
Microsoft Visual Studio Solution File, Format Version 12.00
# Visual Studio 15
VisualStudioVersion = 15.0.27703.2035
MinimumVisualStudioVersion = 10.0.40219.1
Project("{FAE04EC0-301F-11D3-BF4B-00C04F79EFBC}") = "MondayLecture", "MondayLecture\MondayLecture.csproj", "{2A7FE38C-5B21-4E81-8391-DAEE6FAF0639}"
EndProject
Project("{FAE04EC0-301F-11D3-BF4B-00C04F79EFBC}") = "TuesdayLecture", "TuesdayLecture\TuesdayLecture.csproj", "{21F66FF0-083F-4F94-BCC6-C8DD80B42586}"
EndProject
Project("{FAE04EC0-301F-11D3-BF4B-00C04F79EFBC}") = "WednesdayLecture", "WednesdayLecture\WednesdayLecture.csproj", "{718608D9-CBBD-4891-87C6-9859E87232DE}"
EndProject
Project("{FAE04EC0-301F-11D3-BF4B-00C04F79EFBC}") = "FridayLecture", "FridayLecture\FridayLecture.csproj", "{E5254D7E-053F-4B08-866B-17322842AD23}"
EndProject
Project("{FAE04EC0-301F-11D3-BF4B-00C04F79EFBC}") = "HomeworkExample", "HomeworkExample\HomeworkExample.csproj", "{BE555FCB-4818-4539-82B4-AC2116CD7994}"
EndProject
Global
	GlobalSection(SolutionConfigurationPlatforms) = preSolution
		Debug|Any CPU = Debug|Any CPU
		Release|Any CPU = Release|Any CPU
	EndGlobalSection
	GlobalSection(ProjectConfigurationPlatforms) = postSolution
		{2A7FE38C-5B21-4E81-8391-DAEE6FAF0639}.Debug|Any CPU.ActiveCfg = Debug|Any CPU
		{2A7FE38C-5B21-4E81-8391-DAEE6FAF0639}.Debug|Any CPU.Build.0 = Debug|Any CPU
		{2A7FE38C-5B21-4E81-8391-DAEE6FAF0639}.Release|Any CPU.ActiveCfg = Release|Any CPU
		{2A7FE38C-5B21-4E81-8391-DAEE6FAF0639}.Release|Any CPU.Build.0 = Release|Any CPU
		{21F66FF0-083F-4F94-BCC6-C8DD80B42586}.Debug|Any CPU.ActiveCfg = Debug|Any CPU
		{21F66FF0-083F-4F94-BCC6-C8DD80B42586}.Debug|Any CPU.Build.0 = Debug|Any CPU
		{21F66FF0-083F-4F94-BCC6-C8DD80B42586}.Release|Any CPU.ActiveCfg = Release|Any CPU
		{21F66FF0-083F-4F94-BCC6-C8DD80B42586}.Release|Any CPU.Build.0 = Release|Any CPU
		{718608D9-CBBD-4891-87C6-9859E87232DE}.Debug|Any CPU.ActiveCfg = Debug|Any CPU
		{718608D9-CBBD-4891-87C6-9859E87232DE}.Debug|Any CPU.Build.0 = Debug|Any CPU
		{718608D9-CBBD-4891-87C6-9859E87232DE}.Release|Any CPU.ActiveCfg = Release|Any CPU
		{718608D9-CBBD-4891-87C6-9859E87232DE}.Release|Any CPU.Build.0 = Release|Any CPU
		{E5254D7E-053F-4B08-866B-17322842AD23}.Debug|Any CPU.ActiveCfg = Debug|Any CPU
		{E5254D7E-053F-4B08-866B-17322842AD23}.Debug|Any CPU.Build.0 = Debug|Any CPU
		{E5254D7E-053F-4B08-866B-17322842AD23}.Release|Any CPU.ActiveCfg = Release|Any CPU
		{E5254D7E-053F-4B08-866B-17322842AD23}.Release|Any CPU.Build.0 = Release|Any CPU
		{BE555FCB-4818-4539-82B4-AC2116CD7994}.Debug|Any CPU.ActiveCfg = Debug|Any CPU
		{BE555FCB-4818-4539-82B4-AC2116CD7994}.Debug|Any CPU.Build.0 = Debug|Any CPU
		{BE555FCB-4818-4539-82B4-AC2116CD7994}.Release|Any CPU.ActiveCfg = Release|Any CPU
		{BE555FCB-4818-4539-82B4-AC2116CD7994}.Release|Any CPU.Build.0 = Release|Any CPU
	EndGlobalSection
	GlobalSection(SolutionProperties) = preSolution
		HideSolutionNode = FALSE
	EndGlobalSection
	GlobalSection(ExtensibilityGlobals) = postSolution
		SolutionGuid = {C3B77373-F3B5-4E37-8481-7120C0A70C5E}
	EndGlobalSection
EndGlobal
